<?xml version="1.0" encoding="utf-8"?>
<Project ToolsVersion="4.0" xmlns="http://schemas.microsoft.com/developer/msbuild/2003">
  <ItemGroup>
    <Filter Include="Source Files">
      <UniqueIdentifier>{4FC737F1-C7A5-4376-A066-2A32D752A2FF}</UniqueIdentifier>
      <Extensions>cpp;c;cc;cxx;def;odl;idl;hpj;bat;asm;asmx</Extensions>
    </Filter>
    <Filter Include="Header Files">
      <UniqueIdentifier>{93995380-89BD-4b04-88EB-625FBE52EBFB}</UniqueIdentifier>
      <Extensions>h;hh;hpp;hxx;hm;inl;inc;ipp;xsd</Extensions>
    </Filter>
    <Filter Include="Resource Files">
      <UniqueIdentifier>{67DA6AB6-F800-4c08-8B7A-83BB121AAD01}</UniqueIdentifier>
      <Extensions>rc;ico;cur;bmp;dlg;rc2;rct;bin;rgs;gif;jpg;jpeg;jpe;resx;tiff;tif;png;wav;mfcribbon-ms</Extensions>
    </Filter>
  </ItemGroup>
  <ItemGroup>
    <ClCompile Include="source\MainApplication.cpp">
      <Filter>Source Files</Filter>
    </ClCompile>
    <ClCompile Include="source\utils\glad.c">
      <Filter>Source Files</Filter>
    </ClCompile>
    <ClCompile Include="source\utils\OpenGLErrorDebugger.cpp">
      <Filter>Source Files</Filter>
    </ClCompile>
    <ClCompile Include="source\utils\ShapeUtils.cpp">
      <Filter>Source Files</Filter>
    </ClCompile>
    <ClCompile Include="source\simulation\Camera.cpp">
      <Filter>Source Files</Filter>
    </ClCompile>
    <ClCompile Include="source\simulation\Settings.cpp">
      <Filter>Source Files</Filter>
    </ClCompile>
    <ClCompile Include="source\UserControls.cpp">
      <Filter>Source Files</Filter>
    </ClCompile>
    <ClCompile Include="source\utils\OpenGLShaderUtils.cpp">
      <Filter>Source Files</Filter>
    </ClCompile>
    <ClCompile Include="source\simulation\Simulation.cpp">
      <Filter>Source Files</Filter>
    </ClCompile>
  </ItemGroup>
  <ItemGroup>
    <None Include="resources\compute shaders\border_physics.computeShader" />
    <None Include="resources\graphical shaders\shape.fragmentShader" />
    <None Include="resources\graphical shaders\shape.vertexShader" />
    <None Include="resources\compute shaders\uniform_grid_bind.computeShader" />
    <None Include="resources\compute shaders\uniform_grid_unbind.computeShader" />
    <None Include="resources\compute shaders\creature_collisions.computeShader" />
    <None Include="resources\compute shaders\brain_push_inputs.computeShader" />
    <None Include="resources\compute shaders\brain_forward_propagate.computeShader" />
    <None Include="resources\compute shaders\brain_pull_outputs.computeShader" />
    <None Include="resources\compute shaders\update_creature_placements.computeShader" />
    <None Include="resources\compute shaders\creature_actuations.computeShader" />
    <None Include="resources\graphical shaders\e.vertexShader" />
    <None Include="resources\graphical shaders\e.fragmentShader" />
  </ItemGroup>
  <ItemGroup>
    <ClInclude Include="source\utils\OpenGLErrorDebugger.h">
      <Filter>Header Files</Filter>
    </ClInclude>
    <ClInclude Include="source\utils\ShapeUtils.h">
      <Filter>Header Files</Filter>
    </ClInclude>
    <ClInclude Include="source\simulation\Camera.h">
      <Filter>Header Files</Filter>
    </ClInclude>
    <ClInclude Include="source\utils\MathUtils.h">
      <Filter>Header Files</Filter>
    </ClInclude>
    <ClInclude Include="source\simulation\Settings.h">
      <Filter>Header Files</Filter>
    </ClInclude>
    <ClInclude Include="source\UserControls.h">
      <Filter>Header Files</Filter>
    </ClInclude>
    <ClInclude Include="source\utils\OpenGLShaderUtils.h">
      <Filter>Header Files</Filter>
    </ClInclude>
    <ClInclude Include="source\simulation\Simulation.h">
      <Filter>Header Files</Filter>
    </ClInclude>
  </ItemGroup>
  <ItemGroup>
    <Text Include="notes.txt" />
  </ItemGroup>
</Project>